# This file is autogenerated, do not edit; changes may be undone by the next 'dep ensure'.


[[projects]]
  name = "github.com/jmcvetta/napping"
  packages = ["."]
  revision = "4c7b4b235c63152afa9a1c6384e708e0fbfd77ca"
  version = "v3.2.0"

[solve-meta]
  analyzer-name = "dep"
  analyzer-version = 1
  inputs-digest = "d8b1f8431d9da7118e01eb3135c74dc34e99aaecd72d870332c8a66964819bd7"
  solver-name = "gps-cdcl"
  solver-version = 1
